
Microsoft Visual Studio Solution File, Format Version 12.00
# Visual Studio 14
VisualStudioVersion = 14.0.25123.0
MinimumVisualStudioVersion = 10.0.40219.1
Project("{FAE04EC0-301F-11D3-BF4B-00C04F79EFBC}") = "MymCoreCommon", "MymCoreCommon\MymCoreCommon.csproj", "{684FC140-D5CA-42E8-83AB-2231DBE007F8}"
EndProject
Project("{FAE04EC0-301F-11D3-BF4B-00C04F79EFBC}") = "MymCoreExceptionCommon", "MymCoreExceptionCommon\MymCoreExceptionCommon.csproj", "{DCCB3997-533C-4334-AEB1-B5ABD9A341B4}"
EndProject
Global
	GlobalSection(SolutionConfigurationPlatforms) = preSolution
		Debug|Any CPU = Debug|Any CPU
		Release|Any CPU = Release|Any CPU
	EndGlobalSection
	GlobalSection(ProjectConfigurationPlatforms) = postSolution
		{684FC140-D5CA-42E8-83AB-2231DBE007F8}.Debug|Any CPU.ActiveCfg = Debug|Any CPU
		{684FC140-D5CA-42E8-83AB-2231DBE007F8}.Debug|Any CPU.Build.0 = Debug|Any CPU
		{684FC140-D5CA-42E8-83AB-2231DBE007F8}.Release|Any CPU.ActiveCfg = Release|Any CPU
		{684FC140-D5CA-42E8-83AB-2231DBE007F8}.Release|Any CPU.Build.0 = Release|Any CPU
		{DCCB3997-533C-4334-AEB1-B5ABD9A341B4}.Debug|Any CPU.ActiveCfg = Debug|Any CPU
		{DCCB3997-533C-4334-AEB1-B5ABD9A341B4}.Debug|Any CPU.Build.0 = Debug|Any CPU
		{DCCB3997-533C-4334-AEB1-B5ABD9A341B4}.Release|Any CPU.ActiveCfg = Release|Any CPU
		{DCCB3997-533C-4334-AEB1-B5ABD9A341B4}.Release|Any CPU.Build.0 = Release|Any CPU
	EndGlobalSection
	GlobalSection(SolutionProperties) = preSolution
		HideSolutionNode = FALSE
	EndGlobalSection
EndGlobal
